
Microsoft Visual Studio Solution File, Format Version 12.00
# Visual Studio Version 17
VisualStudioVersion = 17.5.33516.290
MinimumVisualStudioVersion = 10.0.40219.1
Project("{9A19103F-16F7-4668-BE54-9A1E7A4F7556}") = "Library.Console", "Library.Console\Library.Console.csproj", "{C1C3CFDD-04E9-4AE8-85BD-4158330DE8CC}"
EndProject
Project("{FAE04EC0-301F-11D3-BF4B-00C04F79EFBC}") = "Library.Tests", "Library.Tests\Library.Tests.csproj", "{782B1835-6279-4625-AE0E-162BF2F6FDE9}"
EndProject
Global
	GlobalSection(SolutionConfigurationPlatforms) = preSolution
		Debug|Any CPU = Debug|Any CPU
		Release|Any CPU = Release|Any CPU
	EndGlobalSection
	GlobalSection(ProjectConfigurationPlatforms) = postSolution
		{C1C3CFDD-04E9-4AE8-85BD-4158330DE8CC}.Debug|Any CPU.ActiveCfg = Debug|Any CPU
		{C1C3CFDD-04E9-4AE8-85BD-4158330DE8CC}.Debug|Any CPU.Build.0 = Debug|Any CPU
		{C1C3CFDD-04E9-4AE8-85BD-4158330DE8CC}.Release|Any CPU.ActiveCfg = Release|Any CPU
		{C1C3CFDD-04E9-4AE8-85BD-4158330DE8CC}.Release|Any CPU.Build.0 = Release|Any CPU
		{782B1835-6279-4625-AE0E-162BF2F6FDE9}.Debug|Any CPU.ActiveCfg = Debug|Any CPU
		{782B1835-6279-4625-AE0E-162BF2F6FDE9}.Debug|Any CPU.Build.0 = Debug|Any CPU
		{782B1835-6279-4625-AE0E-162BF2F6FDE9}.Release|Any CPU.ActiveCfg = Release|Any CPU
		{782B1835-6279-4625-AE0E-162BF2F6FDE9}.Release|Any CPU.Build.0 = Release|Any CPU
	EndGlobalSection
	GlobalSection(SolutionProperties) = preSolution
		HideSolutionNode = FALSE
	EndGlobalSection
	GlobalSection(ExtensibilityGlobals) = postSolution
		SolutionGuid = {B51BED04-499C-427D-9065-FDD8F5842331}
	EndGlobalSection
EndGlobal
